PODS:
  - FrameWorkIphoneos (0.1.0)

DEPENDENCIES:
  - FrameWorkIphoneos (from `../`)

EXTERNAL SOURCES:
  FrameWorkIphoneos:
    :path: "../"

SPEC CHECKSUMS:
  FrameWorkIphoneos: 5ce9e9ccbfa81a280f4b4c71572a32fe6fe7716f

PODFILE CHECKSUM: 873426278dc23f4a012995bdb42c11cca934d76d

COCOAPODS: 1.10.1
